
Microsoft Visual Studio Solution File, Format Version 12.00
# Visual Studio Version 16
VisualStudioVersion = 16.0.28729.10
MinimumVisualStudioVersion = 10.0.40219.1
Project("{FAE04EC0-301F-11D3-BF4B-00C04F79EFBC}") = "lab-3(WPF)", "lab-3(WPF)\lab-3(WPF).csproj", "{C2D694D9-396B-40A9-A24C-66CD47559FFF}"
EndProject
Global
	GlobalSection(SolutionConfigurationPlatforms) = preSolution
		Debug|Any CPU = Debug|Any CPU
		Release|Any CPU = Release|Any CPU
	EndGlobalSection
	GlobalSection(ProjectConfigurationPlatforms) = postSolution
		{C2D694D9-396B-40A9-A24C-66CD47559FFF}.Debug|Any CPU.ActiveCfg = Debug|Any CPU
		{C2D694D9-396B-40A9-A24C-66CD47559FFF}.Debug|Any CPU.Build.0 = Debug|Any CPU
		{C2D694D9-396B-40A9-A24C-66CD47559FFF}.Release|Any CPU.ActiveCfg = Release|Any CPU
		{C2D694D9-396B-40A9-A24C-66CD47559FFF}.Release|Any CPU.Build.0 = Release|Any CPU
	EndGlobalSection
	GlobalSection(SolutionProperties) = preSolution
		HideSolutionNode = FALSE
	EndGlobalSection
	GlobalSection(ExtensibilityGlobals) = postSolution
		SolutionGuid = {C669952C-C2F1-4B0D-BF2E-43D5DBF6C4C4}
	EndGlobalSection
EndGlobal
